// !$*UTF8*$!
{
	archiveVersion = 1;
	classes = {
	};
	objectVersion = 55;
	objects = {

/* Begin PBXBuildFile section */
		90BD9CA4281AE68000530E31 /* FMDatabasePool.m in Sources */ = {isa = PBXBuildFile; fileRef = 90BD9C9A281AE67F00530E31 /* FMDatabasePool.m */; };
		90BD9CA5281AE68000530E31 /* FMDatabaseQueue.m in Sources */ = {isa = PBXBuildFile; fileRef = 90BD9C9D281AE67F00530E31 /* FMDatabaseQueue.m */; };
		90BD9CA6281AE68000530E31 /* FMDatabase.m in Sources */ = {isa = PBXBuildFile; fileRef = 90BD9C9E281AE67F00530E31 /* FMDatabase.m */; };
		90BD9CA7281AE68000530E31 /* FMDatabaseAdditions.m in Sources */ = {isa = PBXBuildFile; fileRef = 90BD9C9F281AE67F00530E31 /* FMDatabaseAdditions.m */; };
		90BD9CA8281AE68000530E31 /* FMResultSet.m in Sources */ = {isa = PBXBuildFile; fileRef = 90BD9CA1281AE68000530E31 /* FMResultSet.m */; };
		90E413DF2819544F001F1C96 /* AppDelegate.swift in Sources */ = {isa = PBXBuildFile; fileRef = 90E413DE2819544F001F1C96 /* AppDelegate.swift */; };
		90E413E12819544F001F1C96 /* SceneDelegate.swift in Sources */ = {isa = PBXBuildFile; fileRef = 90E413E02819544F001F1C96 /* SceneDelegate.swift */; };
		90E413E32819544F001F1C96 /* ViewController.swift in Sources */ = {isa = PBXBuildFile; fileRef = 90E413E22819544F001F1C96 /* ViewController.swift */; };
		90E413E62819544F001F1C96 /* Main.storyboard in Resources */ = {isa = PBXBuildFile; fileRef = 90E413E42819544F001F1C96 /* Main.storyboard */; };
		90E413E828195450001F1C96 /* Assets.xcassets in Resources */ = {isa = PBXBuildFile; fileRef = 90E413E728195450001F1C96 /* Assets.xcassets */; };
		90E413EB28195450001F1C96 /* LaunchScreen.storyboard in Resources */ = {isa = PBXBuildFile; fileRef = 90E413E928195450001F1C96 /* LaunchScreen.storyboard */; };
		90E413FB28197874001F1C96 /* AddFriendViewController.swift in Sources */ = {isa = PBXBuildFile; fileRef = 90E413FA28197874001F1C96 /* AddFriendViewController.swift */; };
		90E413FE281987D8001F1C96 /* FriendTableViewCell.swift in Sources */ = {isa = PBXBuildFile; fileRef = 90E413FD281987D8001F1C96 /* FriendTableViewCell.swift */; };
		90E4140028199851001F1C96 /* SqliteDb.db in Resources */ = {isa = PBXBuildFile; fileRef = 90E413FF28199851001F1C96 /* SqliteDb.db */; };
		90E41415281999B7001F1C96 /* Util.swift in Sources */ = {isa = PBXBuildFile; fileRef = 90E41414281999B7001F1C96 /* Util.swift */; };
		90E4141728199B72001F1C96 /* FriendModel.swift in Sources */ = {isa = PBXBuildFile; fileRef = 90E4141628199B72001F1C96 /* FriendModel.swift */; };
		90E4141928199C39001F1C96 /* ModelManager.swift in Sources */ = {isa = PBXBuildFile; fileRef = 90E4141828199C39001F1C96 /* ModelManager.swift */; };
/* End PBXBuildFile section */

/* Begin PBXFileReference section */
		90BD9C99281AE67F00530E31 /* FMDatabaseAdditions.h */ = {isa = PBXFileReference; fileEncoding = 4; lastKnownFileType = sourcecode.c.h; path = FMDatabaseAdditions.h; sourceTree = "<group>"; };
		90BD9C9A281AE67F00530E31 /* FMDatabasePool.m */ = {isa = PBXFileReference; fileEncoding = 4; lastKnownFileType = sourcecode.c.objc; path = FMDatabasePool.m; sourceTree = "<group>"; };
		90BD9C9B281AE67F00530E31 /* FMDatabase.h */ = {isa = PBXFileReference; fileEncoding = 4; lastKnownFileType = sourcecode.c.h; path = FMDatabase.h; sourceTree = "<group>"; };
		90BD9C9C281AE67F00530E31 /* FMDatabasePool.h */ = {isa = PBXFileReference; fileEncoding = 4; lastKnownFileType = sourcecode.c.h; path = FMDatabasePool.h; sourceTree = "<group>"; };
		90BD9C9D281AE67F00530E31 /* FMDatabaseQueue.m */ = {isa = PBXFileReference; fileEncoding = 4; lastKnownFileType = sourcecode.c.objc; path = FMDatabaseQueue.m; sourceTree = "<group>"; };
		90BD9C9E281AE67F00530E31 /* FMDatabase.m */ = {isa = PBXFileReference; fileEncoding = 4; lastKnownFileType = sourcecode.c.objc; path = FMDatabase.m; sourceTree = "<group>"; };
		90BD9C9F281AE67F00530E31 /* FMDatabaseAdditions.m */ = {isa = PBXFileReference; fileEncoding = 4; lastKnownFileType = sourcecode.c.objc; path = FMDatabaseAdditions.m; sourceTree = "<group>"; };
		90BD9CA0281AE67F00530E31 /* FMDatabaseQueue.h */ = {isa = PBXFileReference; fileEncoding = 4; lastKnownFileType = sourcecode.c.h; path = FMDatabaseQueue.h; sourceTree = "<group>"; };
		90BD9CA1281AE68000530E31 /* FMResultSet.m */ = {isa = PBXFileReference; fileEncoding = 4; lastKnownFileType = sourcecode.c.objc; path = FMResultSet.m; sourceTree = "<group>"; };
		90BD9CA2281AE68000530E31 /* FMDB.h */ = {isa = PBXFileReference; fileEncoding = 4; lastKnownFileType = sourcecode.c.h; path = FMDB.h; sourceTree = "<group>"; };
		90BD9CAB281AF93C00530E31 /* FMResultSet.h */ = {isa = PBXFileReference; lastKnownFileType = sourcecode.c.h; path = FMResultSet.h; sourceTree = "<group>"; };
		90E413DB2819544F001F1C96 /* ProiectIos.app */ = {isa = PBXFileReference; explicitFileType = wrapper.application; includeInIndex = 0; path = ProiectIos.app; sourceTree = BUILT_PRODUCTS_DIR; };
		90E413DE2819544F001F1C96 /* AppDelegate.swift */ = {isa = PBXFileReference; lastKnownFileType = sourcecode.swift; path = AppDelegate.swift; sourceTree = "<group>"; };
		90E413E02819544F001F1C96 /* SceneDelegate.swift */ = {isa = PBXFileReference; lastKnownFileType = sourcecode.swift; path = SceneDelegate.swift; sourceTree = "<group>"; };
		90E413E22819544F001F1C96 /* ViewController.swift */ = {isa = PBXFileReference; lastKnownFileType = sourcecode.swift; path = ViewController.swift; sourceTree = "<group>"; };
		90E413E52819544F001F1C96 /* Base */ = {isa = PBXFileReference; lastKnownFileType = file.storyboard; name = Base; path = Base.lproj/Main.storyboard; sourceTree = "<group>"; };
		90E413E728195450001F1C96 /* Assets.xcassets */ = {isa = PBXFileReference; lastKnownFileType = folder.assetcatalog; path = Assets.xcassets; sourceTree = "<group>"; };
		90E413EA28195450001F1C96 /* Base */ = {isa = PBXFileReference; lastKnownFileType = file.storyboard; name = Base; path = Base.lproj/LaunchScreen.storyboard; sourceTree = "<group>"; };
		90E413EC28195450001F1C96 /* Info.plist */ = {isa = PBXFileReference; lastKnownFileType = text.plist.xml; name = Info.plist; path = "ProiectIos/Project Files/Info.plist"; sourceTree = SOURCE_ROOT; };
		90E413FA28197874001F1C96 /* AddFriendViewController.swift */ = {isa = PBXFileReference; lastKnownFileType = sourcecode.swift; path = AddFriendViewController.swift; sourceTree = "<group>"; };
		90E413FD281987D8001F1C96 /* FriendTableViewCell.swift */ = {isa = PBXFileReference; lastKnownFileType = sourcecode.swift; path = FriendTableViewCell.swift; sourceTree = "<group>"; };
		90E413FF28199851001F1C96 /* SqliteDb.db */ = {isa = PBXFileReference; lastKnownFileType = file; path = SqliteDb.db; sourceTree = SOURCE_ROOT; };
		90E41414281999B7001F1C96 /* Util.swift */ = {isa = PBXFileReference; lastKnownFileType = sourcecode.swift; path = Util.swift; sourceTree = "<group>"; };
		90E4141628199B72001F1C96 /* FriendModel.swift */ = {isa = PBXFileReference; lastKnownFileType = sourcecode.swift; path = FriendModel.swift; sourceTree = "<group>"; };
		90E4141828199C39001F1C96 /* ModelManager.swift */ = {isa = PBXFileReference; lastKnownFileType = sourcecode.swift; path = ModelManager.swift; sourceTree = "<group>"; };
		90E4145F2819AB64001F1C96 /* ProiectIos-Bridging-Header.h */ = {isa = PBXFileReference; lastKnownFileType = sourcecode.c.h; path = "ProiectIos-Bridging-Header.h"; sourceTree = "<group>"; };
/* End PBXFileReference section */

/* Begin PBXFrameworksBuildPhase section */
		90E413D82819544F001F1C96 /* Frameworks */ = {
			isa = PBXFrameworksBuildPhase;
			buildActionMask = 2147483647;
			files = (
			);
			runOnlyForDeploymentPostprocessing = 0;
		};
/* End PBXFrameworksBuildPhase section */

/* Begin PBXGroup section */
		90E413D22819544F001F1C96 = {
			isa = PBXGroup;
			children = (
				90E413DD2819544F001F1C96 /* ProiectIos */,
				90E413DC2819544F001F1C96 /* Products */,
			);
			sourceTree = "<group>";
		};
		90E413DC2819544F001F1C96 /* Products */ = {
			isa = PBXGroup;
			children = (
				90E413DB2819544F001F1C96 /* ProiectIos.app */,
			);
			name = Products;
			sourceTree = "<group>";
		};
		90E413DD2819544F001F1C96 /* ProiectIos */ = {
			isa = PBXGroup;
			children = (
				90E414012819988F001F1C96 /* Helper */,
				90E413F528196233001F1C96 /* Project Files */,
				90E413F3281961C8001F1C96 /* ViewController */,
				90E413F2281961BF001F1C96 /* Model */,
				90E413E42819544F001F1C96 /* Main.storyboard */,
				90E413E928195450001F1C96 /* LaunchScreen.storyboard */,
			);
			path = ProiectIos;
			sourceTree = "<group>";
		};
		90E413F2281961BF001F1C96 /* Model */ = {
			isa = PBXGroup;
			children = (
				90E413FF28199851001F1C96 /* SqliteDb.db */,
				90E41414281999B7001F1C96 /* Util.swift */,
				90E4141628199B72001F1C96 /* FriendModel.swift */,
				90E4141828199C39001F1C96 /* ModelManager.swift */,
			);
			path = Model;
			sourceTree = "<group>";
		};
		90E413F3281961C8001F1C96 /* ViewController */ = {
			isa = PBXGroup;
			children = (
				90E413FC2819879F001F1C96 /* Cell */,
				90E413E22819544F001F1C96 /* ViewController.swift */,
				90E413FA28197874001F1C96 /* AddFriendViewController.swift */,
			);
			path = ViewController;
			sourceTree = "<group>";
		};
		90E413F528196233001F1C96 /* Project Files */ = {
			isa = PBXGroup;
			children = (
				90E413DE2819544F001F1C96 /* AppDelegate.swift */,
				90E413E02819544F001F1C96 /* SceneDelegate.swift */,
				90E413E728195450001F1C96 /* Assets.xcassets */,
				90E413EC28195450001F1C96 /* Info.plist */,
			);
			path = "Project Files";
			sourceTree = "<group>";
		};
		90E413FC2819879F001F1C96 /* Cell */ = {
			isa = PBXGroup;
			children = (
				90E413FD281987D8001F1C96 /* FriendTableViewCell.swift */,
			);
			path = Cell;
			sourceTree = "<group>";
		};
		90E414012819988F001F1C96 /* Helper */ = {
			isa = PBXGroup;
			children = (
				90E4145E2819AB1B001F1C96 /* Dbhelp */,
			);
			path = Helper;
			sourceTree = "<group>";
		};
		90E4145E2819AB1B001F1C96 /* Dbhelp */ = {
			isa = PBXGroup;
			children = (
				90BD9C9B281AE67F00530E31 /* FMDatabase.h */,
				90BD9C9E281AE67F00530E31 /* FMDatabase.m */,
				90BD9C99281AE67F00530E31 /* FMDatabaseAdditions.h */,
				90BD9C9F281AE67F00530E31 /* FMDatabaseAdditions.m */,
				90BD9C9C281AE67F00530E31 /* FMDatabasePool.h */,
				90BD9C9A281AE67F00530E31 /* FMDatabasePool.m */,
				90BD9CA0281AE67F00530E31 /* FMDatabaseQueue.h */,
				90BD9C9D281AE67F00530E31 /* FMDatabaseQueue.m */,
				90BD9CA2281AE68000530E31 /* FMDB.h */,
				90BD9CA1281AE68000530E31 /* FMResultSet.m */,
				90BD9CAB281AF93C00530E31 /* FMResultSet.h */,
				90E4145F2819AB64001F1C96 /* ProiectIos-Bridging-Header.h */,
			);
			path = Dbhelp;
			sourceTree = "<group>";
		};
/* End PBXGroup section */

/* Begin PBXNativeTarget section */
		90E413DA2819544F001F1C96 /* ProiectIos */ = {
			isa = PBXNativeTarget;
			buildConfigurationList = 90E413EF28195450001F1C96 /* Build configuration list for PBXNativeTarget "ProiectIos" */;
			buildPhases = (
				90E413D72819544F001F1C96 /* Sources */,
				90E413D82819544F001F1C96 /* Frameworks */,
				90E413D92819544F001F1C96 /* Resources */,
			);
			buildRules = (
			);
			dependencies = (
			);
			name = ProiectIos;
			productName = ProiectIos;
			productReference = 90E413DB2819544F001F1C96 /* ProiectIos.app */;
			productType = "com.apple.product-type.application";
		};
/* End PBXNativeTarget section */

/* Begin PBXProject section */
		90E413D32819544F001F1C96 /* Project object */ = {
			isa = PBXProject;
			attributes = {
				BuildIndependentTargetsInParallel = 1;
				LastSwiftUpdateCheck = 1330;
				LastUpgradeCheck = 1330;
				TargetAttributes = {
					90E413DA2819544F001F1C96 = {
						CreatedOnToolsVersion = 13.3.1;
						LastSwiftMigration = 1330;
					};
				};
			};
			buildConfigurationList = 90E413D62819544F001F1C96 /* Build configuration list for PBXProject "ProiectIos" */;
			compatibilityVersion = "Xcode 13.0";
			developmentRegion = en;
			hasScannedForEncodings = 0;
			knownRegions = (
				en,
				Base,
			);
			mainGroup = 90E413D22819544F001F1C96;
			productRefGroup = 90E413DC2819544F001F1C96 /* Products */;
			projectDirPath = "";
			projectRoot = "";
			targets = (
				90E413DA2819544F001F1C96 /* ProiectIos */,
			);
		};
/* End PBXProject section */

/* Begin PBXResourcesBuildPhase section */
		90E413D92819544F001F1C96 /* Resources */ = {
			isa = PBXResourcesBuildPhase;
			buildActionMask = 2147483647;
			files = (
				90E413EB28195450001F1C96 /* LaunchScreen.storyboard in Resources */,
				90E413E828195450001F1C96 /* Assets.xcassets in Resources */,
				90E413E62819544F001F1C96 /* Main.storyboard in Resources */,
				90E4140028199851001F1C96 /* SqliteDb.db in Resources */,
			);
			runOnlyForDeploymentPostprocessing = 0;
		};
/* End PBXResourcesBuildPhase section */

/* Begin PBXSourcesBuildPhase section */
		90E413D72819544F001F1C96 /* Sources */ = {
			isa = PBXSourcesBuildPhase;
			buildActionMask = 2147483647;
			files = (
				90E41415281999B7001F1C96 /* Util.swift in Sources */,
				90E4141728199B72001F1C96 /* FriendModel.swift in Sources */,
				90E413FB28197874001F1C96 /* AddFriendViewController.swift in Sources */,
				90E413E32819544F001F1C96 /* ViewController.swift in Sources */,
				90BD9CA4281AE68000530E31 /* FMDatabasePool.m in Sources */,
				90BD9CA5281AE68000530E31 /* FMDatabaseQueue.m in Sources */,
				90BD9CA8281AE68000530E31 /* FMResultSet.m in Sources */,
				90E413FE281987D8001F1C96 /* FriendTableViewCell.swift in Sources */,
				90E4141928199C39001F1C96 /* ModelManager.swift in Sources */,
				90E413DF2819544F001F1C96 /* AppDelegate.swift in Sources */,
				90BD9CA6281AE68000530E31 /* FMDatabase.m in Sources */,
				90E413E12819544F001F1C96 /* SceneDelegate.swift in Sources */,
				90BD9CA7281AE68000530E31 /* FMDatabaseAdditions.m in Sources */,
			);
			runOnlyForDeploymentPostprocessing = 0;
		};
/* End PBXSourcesBuildPhase section */

/* Begin PBXVariantGroup section */
		90E413E42819544F001F1C96 /* Main.storyboard */ = {
			isa = PBXVariantGroup;
			children = (
				90E413E52819544F001F1C96 /* Base */,
			);
			name = Main.storyboard;
			sourceTree = "<group>";
		};
		90E413E928195450001F1C96 /* LaunchScreen.storyboard */ = {
			isa = PBXVariantGroup;
			children = (
				90E413EA28195450001F1C96 /* Base */,
			);
			name = LaunchScreen.storyboard;
			sourceTree = "<group>";
		};
/* End PBXVariantGroup section */

/* Begin XCBuildConfiguration section */
		90E413ED28195450001F1C96 /* Debug */ = {
			isa = XCBuildConfiguration;
			buildSettings = {
				ALWAYS_SEARCH_USER_PATHS = NO;
				CLANG_ANALYZER_NONNULL = YES;
				CLANG_ANALYZER_NUMBER_OBJECT_CONVERSION = YES_AGGRESSIVE;
				CLANG_CXX_LANGUAGE_STANDARD = "gnu++17";
				CLANG_ENABLE_MODULES = YES;
				CLANG_ENABLE_OBJC_ARC = YES;
				CLANG_ENABLE_OBJC_WEAK = YES;
				CLANG_WARN_BLOCK_CAPTURE_AUTORELEASING = YES;
				CLANG_WARN_BOOL_CONVERSION = YES;
				CLANG_WARN_COMMA = YES;
				CLANG_WARN_CONSTANT_CONVERSION = YES;
				CLANG_WARN_DEPRECATED_OBJC_IMPLEMENTATIONS = YES;
				CLANG_WARN_DIRECT_OBJC_ISA_USAGE = YES_ERROR;
				CLANG_WARN_DOCUMENTATION_COMMENTS = YES;
				CLANG_WARN_EMPTY_BODY = YES;
				CLANG_WARN_ENUM_CONVERSION = YES;
				CLANG_WARN_INFINITE_RECURSION = YES;
				CLANG_WARN_INT_CONVERSION = YES;
				CLANG_WARN_NON_LITERAL_NULL_CONVERSION = YES;
				CLANG_WARN_OBJC_IMPLICIT_RETAIN_SELF = YES;
				CLANG_WARN_OBJC_LITERAL_CONVERSION = YES;
				CLANG_WARN_OBJC_ROOT_CLASS = YES_ERROR;
				CLANG_WARN_QUOTED_INCLUDE_IN_FRAMEWORK_HEADER = YES;
				CLANG_WARN_RANGE_LOOP_ANALYSIS = YES;
				CLANG_WARN_STRICT_PROTOTYPES = YES;
				CLANG_WARN_SUSPICIOUS_MOVE = YES;
				CLANG_WARN_UNGUARDED_AVAILABILITY = YES_AGGRESSIVE;
				CLANG_WARN_UNREACHABLE_CODE = YES;
				CLANG_WARN__DUPLICATE_METHOD_MATCH = YES;
				COPY_PHASE_STRIP = NO;
				DEBUG_INFORMATION_FORMAT = dwarf;
				ENABLE_STRICT_OBJC_MSGSEND = YES;
				ENABLE_TESTABILITY = YES;
				GCC_C_LANGUAGE_STANDARD = gnu11;
				GCC_DYNAMIC_NO_PIC = NO;
				GCC_NO_COMMON_BLOCKS = YES;
				GCC_OPTIMIZATION_LEVEL = 0;
				GCC_PREPROCESSOR_DEFINITIONS = (
					"DEBUG=1",
					"$(inherited)",
				);
				GCC_WARN_64_TO_32_BIT_CONVERSION = YES;
				GCC_WARN_ABOUT_RETURN_TYPE = YES_ERROR;
				GCC_WARN_UNDECLARED_SELECTOR = YES;
				GCC_WARN_UNINITIALIZED_AUTOS = YES_AGGRESSIVE;
				GCC_WARN_UNUSED_FUNCTION = YES;
				GCC_WARN_UNUSED_VARIABLE = YES;
				IPHONEOS_DEPLOYMENT_TARGET = 15.4;
				MTL_ENABLE_DEBUG_INFO = INCLUDE_SOURCE;
				MTL_FAST_MATH = YES;
				ONLY_ACTIVE_ARCH = YES;
				SDKROOT = iphoneos;
				SWIFT_ACTIVE_COMPILATION_CONDITIONS = DEBUG;
				SWIFT_OPTIMIZATION_LEVEL = "-Onone";
			};
			name = Debug;
		};
		90E413EE28195450001F1C96 /* Release */ = {
			isa = XCBuildConfiguration;
			buildSettings = {
				ALWAYS_SEARCH_USER_PATHS = NO;
				CLANG_ANALYZER_NONNULL = YES;
				CLANG_ANALYZER_NUMBER_OBJECT_CONVERSION = YES_AGGRESSIVE;
				CLANG_CXX_LANGUAGE_STANDARD = "gnu++17";
				CLANG_ENABLE_MODULES = YES;
				CLANG_ENABLE_OBJC_ARC = YES;
				CLANG_ENABLE_OBJC_WEAK = YES;
				CLANG_WARN_BLOCK_CAPTURE_AUTORELEASING = YES;
				CLANG_WARN_BOOL_CONVERSION = YES;
				CLANG_WARN_COMMA = YES;
				CLANG_WARN_CONSTANT_CONVERSION = YES;
				CLANG_WARN_DEPRECATED_OBJC_IMPLEMENTATIONS = YES;
				CLANG_WARN_DIRECT_OBJC_ISA_USAGE = YES_ERROR;
				CLANG_WARN_DOCUMENTATION_COMMENTS = YES;
				CLANG_WARN_EMPTY_BODY = YES;
				CLANG_WARN_ENUM_CONVERSION = YES;
				CLANG_WARN_INFINITE_RECURSION = YES;
				CLANG_WARN_INT_CONVERSION = YES;
				CLANG_WARN_NON_LITERAL_NULL_CONVERSION = YES;
				CLANG_WARN_OBJC_IMPLICIT_RETAIN_SELF = YES;
				CLANG_WARN_OBJC_LITERAL_CONVERSION = YES;
				CLANG_WARN_OBJC_ROOT_CLASS = YES_ERROR;
				CLANG_WARN_QUOTED_INCLUDE_IN_FRAMEWORK_HEADER = YES;
				CLANG_WARN_RANGE_LOOP_ANALYSIS = YES;
				CLANG_WARN_STRICT_PROTOTYPES = YES;
				CLANG_WARN_SUSPICIOUS_MOVE = YES;
				CLANG_WARN_UNGUARDED_AVAILABILITY = YES_AGGRESSIVE;
				CLANG_WARN_UNREACHABLE_CODE = YES;
				CLANG_WARN__DUPLICATE_METHOD_MATCH = YES;
				COPY_PHASE_STRIP = NO;
				DEBUG_INFORMATION_FORMAT = "dwarf-with-dsym";
				ENABLE_NS_ASSERTIONS = NO;
				ENABLE_STRICT_OBJC_MSGSEND = YES;
				GCC_C_LANGUAGE_STANDARD = gnu11;
				GCC_NO_COMMON_BLOCKS = YES;
				GCC_WARN_64_TO_32_BIT_CONVERSION = YES;
				GCC_WARN_ABOUT_RETURN_TYPE = YES_ERROR;
				GCC_WARN_UNDECLARED_SELECTOR = YES;
				GCC_WARN_UNINITIALIZED_AUTOS = YES_AGGRESSIVE;
				GCC_WARN_UNUSED_FUNCTION = YES;
				GCC_WARN_UNUSED_VARIABLE = YES;
				IPHONEOS_DEPLOYMENT_TARGET = 15.4;
				MTL_ENABLE_DEBUG_INFO = NO;
				MTL_FAST_MATH = YES;
				SDKROOT = iphoneos;
				SWIFT_COMPILATION_MODE = wholemodule;
				SWIFT_OPTIMIZATION_LEVEL = "-O";
				VALIDATE_PRODUCT = YES;
			};
			name = Release;
		};
		90E413F028195450001F1C96 /* Debug */ = {
			isa = XCBuildConfiguration;
			buildSettings = {
				ASSETCATALOG_COMPILER_APPICON_NAME = AppIcon;
				ASSETCATALOG_COMPILER_GLOBAL_ACCENT_COLOR_NAME = AccentColor;
				CLANG_ENABLE_MODULES = YES;
				CODE_SIGN_STYLE = Automatic;
				CURRENT_PROJECT_VERSION = 1;
				GENERATE_INFOPLIST_FILE = YES;
				INFOPLIST_FILE = "ProiectIos/Project Files/Info.plist";
				INFOPLIST_KEY_UIApplicationSupportsIndirectInputEvents = YES;
				INFOPLIST_KEY_UILaunchStoryboardName = LaunchScreen;
				INFOPLIST_KEY_UIMainStoryboardFile = Main;
				INFOPLIST_KEY_UISupportedInterfaceOrientations_iPad = "UIInterfaceOrientationPortrait UIInterfaceOrientationPortraitUpsideDown UIInterfaceOrientationLandscapeLeft UIInterfaceOrientationLandscapeRight";
				INFOPLIST_KEY_UISupportedInterfaceOrientations_iPhone = "UIInterfaceOrientationPortrait UIInterfaceOrientationLandscapeLeft UIInterfaceOrientationLandscapeRight";
				LD_RUNPATH_SEARCH_PATHS = (
					"$(inherited)",
					"@executable_path/Frameworks",
				);
				MARKETING_VERSION = 1.0;
				PRODUCT_BUNDLE_IDENTIFIER = Mindroiu.ProiectIos;
				PRODUCT_NAME = "$(TARGET_NAME)";
				SWIFT_EMIT_LOC_STRINGS = YES;
				SWIFT_OBJC_BRIDGING_HEADER = "ProiectIos/Helper/Dbhelp/ProiectIos-Bridging-Header.h";
				SWIFT_OPTIMIZATION_LEVEL = "-Onone";
				SWIFT_VERSION = 5.0;
				TARGETED_DEVICE_FAMILY = "1,2";
			};
			name = Debug;
		};
		90E413F128195450001F1C96 /* Release */ = {
			isa = XCBuildConfiguration;
			buildSettings = {
				ASSETCATALOG_COMPILER_APPICON_NAME = AppIcon;
				ASSETCATALOG_COMPILER_GLOBAL_ACCENT_COLOR_NAME = AccentColor;
				CLANG_ENABLE_MODULES = YES;
				CODE_SIGN_STYLE = Automatic;
				CURRENT_PROJECT_VERSION = 1;
				GENERATE_INFOPLIST_FILE = YES;
				INFOPLIST_FILE = "ProiectIos/Project Files/Info.plist";
				INFOPLIST_KEY_UIApplicationSupportsIndirectInputEvents = YES;
				INFOPLIST_KEY_UILaunchStoryboardName = LaunchScreen;
				INFOPLIST_KEY_UIMainStoryboardFile = Main;
				INFOPLIST_KEY_UISupportedInterfaceOrientations_iPad = "UIInterfaceOrientationPortrait UIInterfaceOrientationPortraitUpsideDown UIInterfaceOrientationLandscapeLeft UIInterfaceOrientationLandscapeRight";
				INFOPLIST_KEY_UISupportedInterfaceOrientations_iPhone = "UIInterfaceOrientationPortrait UIInterfaceOrientationLandscapeLeft UIInterfaceOrientationLandscapeRight";
				LD_RUNPATH_SEARCH_PATHS = (
					"$(inherited)",
					"@executable_path/Frameworks",
				);
				MARKETING_VERSION = 1.0;
				PRODUCT_BUNDLE_IDENTIFIER = Mindroiu.ProiectIos;
				PRODUCT_NAME = "$(TARGET_NAME)";
				SWIFT_EMIT_LOC_STRINGS = YES;
				SWIFT_OBJC_BRIDGING_HEADER = "ProiectIos/Helper/Dbhelp/ProiectIos-Bridging-Header.h";
				SWIFT_VERSION = 5.0;
				TARGETED_DEVICE_FAMILY = "1,2";
			};
			name = Release;
		};
/* End XCBuildConfiguration section */

/* Begin XCConfigurationList section */
		90E413D62819544F001F1C96 /* Build configuration list for PBXProject "ProiectIos" */ = {
			isa = XCConfigurationList;
			buildConfigurations = (
				90E413ED28195450001F1C96 /* Debug */,
				90E413EE28195450001F1C96 /* Release */,
			);
			defaultConfigurationIsVisible = 0;
			defaultConfigurationName = Release;
		};
		90E413EF28195450001F1C96 /* Build configuration list for PBXNativeTarget "ProiectIos" */ = {
			isa = XCConfigurationList;
			buildConfigurations = (
				90E413F028195450001F1C96 /* Debug */,
				90E413F128195450001F1C96 /* Release */,
			);
			defaultConfigurationIsVisible = 0;
			defaultConfigurationName = Release;
		};
/* End XCConfigurationList section */
	};
	rootObject = 90E413D32819544F001F1C96 /* Project object */;
}
